// !$*UTF8*$!
{
	archiveVersion = 1;
	classes = {
	};
	objectVersion = 46;
	objects = {

/* Begin PBXBuildFile section */
		96CEBCEE1BCE521400A16356 /* main.m in Sources */ = {isa = PBXBuildFile; fileRef = 96CEBCED1BCE521400A16356 /* main.m */; };
		96CEBCF11BCE521400A16356 /* AppDelegate.m in Sources */ = {isa = PBXBuildFile; fileRef = 96CEBCF01BCE521400A16356 /* AppDelegate.m */; };
		96CEBCF41BCE521400A16356 /* ViewController.m in Sources */ = {isa = PBXBuildFile; fileRef = 96CEBCF31BCE521400A16356 /* ViewController.m */; };
		96CEBCF71BCE521400A16356 /* Main.storyboard in Resources */ = {isa = PBXBuildFile; fileRef = 96CEBCF51BCE521400A16356 /* Main.storyboard */; };
		96CEBCF91BCE521400A16356 /* Assets.xcassets in Resources */ = {isa = PBXBuildFile; fileRef = 96CEBCF81BCE521400A16356 /* Assets.xcassets */; };
		96CEBCFC1BCE521400A16356 /* LaunchScreen.storyboard in Resources */ = {isa = PBXBuildFile; fileRef = 96CEBCFA1BCE521400A16356 /* LaunchScreen.storyboard */; };
		96CEBD071BCE521500A16356 /* ZJTableViewTests.m in Sources */ = {isa = PBXBuildFile; fileRef = 96CEBD061BCE521500A16356 /* ZJTableViewTests.m */; };
		96CEBD121BCE521500A16356 /* ZJTableViewUITests.m in Sources */ = {isa = PBXBuildFile; fileRef = 96CEBD111BCE521500A16356 /* ZJTableViewUITests.m */; };
		96CEBD231BCE525200A16356 /* ZJTableView.m in Sources */ = {isa = PBXBuildFile; fileRef = 96CEBD201BCE525200A16356 /* ZJTableView.m */; settings = {ASSET_TAGS = (); }; };
		96CEBD241BCE525200A16356 /* ZJTableViewCell.m in Sources */ = {isa = PBXBuildFile; fileRef = 96CEBD221BCE525200A16356 /* ZJTableViewCell.m */; settings = {ASSET_TAGS = (); }; };
/* End PBXBuildFile section */

/* Begin PBXContainerItemProxy section */
		96CEBD031BCE521500A16356 /* PBXContainerItemProxy */ = {
			isa = PBXContainerItemProxy;
			containerPortal = 96CEBCE11BCE521400A16356 /* Project object */;
			proxyType = 1;
			remoteGlobalIDString = 96CEBCE81BCE521400A16356;
			remoteInfo = ZJTableView;
		};
		96CEBD0E1BCE521500A16356 /* PBXContainerItemProxy */ = {
			isa = PBXContainerItemProxy;
			containerPortal = 96CEBCE11BCE521400A16356 /* Project object */;
			proxyType = 1;
			remoteGlobalIDString = 96CEBCE81BCE521400A16356;
			remoteInfo = ZJTableView;
		};
/* End PBXContainerItemProxy section */

/* Begin PBXFileReference section */
		96CEBCE91BCE521400A16356 /* ZJTableView.app */ = {isa = PBXFileReference; explicitFileType = wrapper.application; includeInIndex = 0; path = ZJTableView.app; sourceTree = BUILT_PRODUCTS_DIR; };
		96CEBCED1BCE521400A16356 /* main.m */ = {isa = PBXFileReference; lastKnownFileType = sourcecode.c.objc; path = main.m; sourceTree = "<group>"; };
		96CEBCEF1BCE521400A16356 /* AppDelegate.h */ = {isa = PBXFileReference; lastKnownFileType = sourcecode.c.h; path = AppDelegate.h; sourceTree = "<group>"; };
		96CEBCF01BCE521400A16356 /* AppDelegate.m */ = {isa = PBXFileReference; lastKnownFileType = sourcecode.c.objc; path = AppDelegate.m; sourceTree = "<group>"; };
		96CEBCF21BCE521400A16356 /* ViewController.h */ = {isa = PBXFileReference; lastKnownFileType = sourcecode.c.h; path = ViewController.h; sourceTree = "<group>"; };
		96CEBCF31BCE521400A16356 /* ViewController.m */ = {isa = PBXFileReference; lastKnownFileType = sourcecode.c.objc; path = ViewController.m; sourceTree = "<group>"; };
		96CEBCF61BCE521400A16356 /* Base */ = {isa = PBXFileReference; lastKnownFileType = file.storyboard; name = Base; path = Base.lproj/Main.storyboard; sourceTree = "<group>"; };
		96CEBCF81BCE521400A16356 /* Assets.xcassets */ = {isa = PBXFileReference; lastKnownFileType = folder.assetcatalog; path = Assets.xcassets; sourceTree = "<group>"; };
		96CEBCFB1BCE521400A16356 /* Base */ = {isa = PBXFileReference; lastKnownFileType = file.storyboard; name = Base; path = Base.lproj/LaunchScreen.storyboard; sourceTree = "<group>"; };
		96CEBCFD1BCE521400A16356 /* Info.plist */ = {isa = PBXFileReference; lastKnownFileType = text.plist.xml; path = Info.plist; sourceTree = "<group>"; };
		96CEBD021BCE521500A16356 /* ZJTableViewTests.xctest */ = {isa = PBXFileReference; explicitFileType = wrapper.cfbundle; includeInIndex = 0; path = ZJTableViewTests.xctest; sourceTree = BUILT_PRODUCTS_DIR; };
		96CEBD061BCE521500A16356 /* ZJTableViewTests.m */ = {isa = PBXFileReference; lastKnownFileType = sourcecode.c.objc; path = ZJTableViewTests.m; sourceTree = "<group>"; };
		96CEBD081BCE521500A16356 /* Info.plist */ = {isa = PBXFileReference; lastKnownFileType = text.plist.xml; path = Info.plist; sourceTree = "<group>"; };
		96CEBD0D1BCE521500A16356 /* ZJTableViewUITests.xctest */ = {isa = PBXFileReference; explicitFileType = wrapper.cfbundle; includeInIndex = 0; path = ZJTableViewUITests.xctest; sourceTree = BUILT_PRODUCTS_DIR; };
		96CEBD111BCE521500A16356 /* ZJTableViewUITests.m */ = {isa = PBXFileReference; lastKnownFileType = sourcecode.c.objc; path = ZJTableViewUITests.m; sourceTree = "<group>"; };
		96CEBD131BCE521500A16356 /* Info.plist */ = {isa = PBXFileReference; lastKnownFileType = text.plist.xml; path = Info.plist; sourceTree = "<group>"; };
		96CEBD1F1BCE525200A16356 /* ZJTableView.h */ = {isa = PBXFileReference; fileEncoding = 4; lastKnownFileType = sourcecode.c.h; path = ZJTableView.h; sourceTree = "<group>"; };
		96CEBD201BCE525200A16356 /* ZJTableView.m */ = {isa = PBXFileReference; fileEncoding = 4; lastKnownFileType = sourcecode.c.objc; path = ZJTableView.m; sourceTree = "<group>"; };
		96CEBD211BCE525200A16356 /* ZJTableViewCell.h */ = {isa = PBXFileReference; fileEncoding = 4; lastKnownFileType = sourcecode.c.h; path = ZJTableViewCell.h; sourceTree = "<group>"; };
		96CEBD221BCE525200A16356 /* ZJTableViewCell.m */ = {isa = PBXFileReference; fileEncoding = 4; lastKnownFileType = sourcecode.c.objc; path = ZJTableViewCell.m; sourceTree = "<group>"; };
/* End PBXFileReference section */

/* Begin PBXFrameworksBuildPhase section */
		96CEBCE61BCE521400A16356 /* Frameworks */ = {
			isa = PBXFrameworksBuildPhase;
			buildActionMask = 2147483647;
			files = (
			);
			runOnlyForDeploymentPostprocessing = 0;
		};
		96CEBCFF1BCE521500A16356 /* Frameworks */ = {
			isa = PBXFrameworksBuildPhase;
			buildActionMask = 2147483647;
			files = (
			);
			runOnlyForDeploymentPostprocessing = 0;
		};
		96CEBD0A1BCE521500A16356 /* Frameworks */ = {
			isa = PBXFrameworksBuildPhase;
			buildActionMask = 2147483647;
			files = (
			);
			runOnlyForDeploymentPostprocessing = 0;
		};
/* End PBXFrameworksBuildPhase section */

/* Begin PBXGroup section */
		96CEBCE01BCE521400A16356 = {
			isa = PBXGroup;
			children = (
				96CEBCEB1BCE521400A16356 /* ZJTableView */,
				96CEBD051BCE521500A16356 /* ZJTableViewTests */,
				96CEBD101BCE521500A16356 /* ZJTableViewUITests */,
				96CEBCEA1BCE521400A16356 /* Products */,
			);
			sourceTree = "<group>";
		};
		96CEBCEA1BCE521400A16356 /* Products */ = {
			isa = PBXGroup;
			children = (
				96CEBCE91BCE521400A16356 /* ZJTableView.app */,
				96CEBD021BCE521500A16356 /* ZJTableViewTests.xctest */,
				96CEBD0D1BCE521500A16356 /* ZJTableViewUITests.xctest */,
			);
			name = Products;
			sourceTree = "<group>";
		};
		96CEBCEB1BCE521400A16356 /* ZJTableView */ = {
			isa = PBXGroup;
			children = (
				96CEBCEF1BCE521400A16356 /* AppDelegate.h */,
				96CEBCF01BCE521400A16356 /* AppDelegate.m */,
				96CEBCF21BCE521400A16356 /* ViewController.h */,
				96CEBCF31BCE521400A16356 /* ViewController.m */,
				96CEBD1F1BCE525200A16356 /* ZJTableView.h */,
				96CEBD201BCE525200A16356 /* ZJTableView.m */,
				96CEBD211BCE525200A16356 /* ZJTableViewCell.h */,
				96CEBD221BCE525200A16356 /* ZJTableViewCell.m */,
				96CEBCF51BCE521400A16356 /* Main.storyboard */,
				96CEBCF81BCE521400A16356 /* Assets.xcassets */,
				96CEBCFA1BCE521400A16356 /* LaunchScreen.storyboard */,
				96CEBCFD1BCE521400A16356 /* Info.plist */,
				96CEBCEC1BCE521400A16356 /* Supporting Files */,
			);
			path = ZJTableView;
			sourceTree = "<group>";
		};
		96CEBCEC1BCE521400A16356 /* Supporting Files */ = {
			isa = PBXGroup;
			children = (
				96CEBCED1BCE521400A16356 /* main.m */,
			);
			name = "Supporting Files";
			sourceTree = "<group>";
		};
		96CEBD051BCE521500A16356 /* ZJTableViewTests */ = {
			isa = PBXGroup;
			children = (
				96CEBD061BCE521500A16356 /* ZJTableViewTests.m */,
				96CEBD081BCE521500A16356 /* Info.plist */,
			);
			path = ZJTableViewTests;
			sourceTree = "<group>";
		};
		96CEBD101BCE521500A16356 /* ZJTableViewUITests */ = {
			isa = PBXGroup;
			children = (
				96CEBD111BCE521500A16356 /* ZJTableViewUITests.m */,
				96CEBD131BCE521500A16356 /* Info.plist */,
			);
			path = ZJTableViewUITests;
			sourceTree = "<group>";
		};
/* End PBXGroup section */

/* Begin PBXNativeTarget section */
		96CEBCE81BCE521400A16356 /* ZJTableView */ = {
			isa = PBXNativeTarget;
			buildConfigurationList = 96CEBD161BCE521500A16356 /* Build configuration list for PBXNativeTarget "ZJTableView" */;
			buildPhases = (
				96CEBCE51BCE521400A16356 /* Sources */,
				96CEBCE61BCE521400A16356 /* Frameworks */,
				96CEBCE71BCE521400A16356 /* Resources */,
			);
			buildRules = (
			);
			dependencies = (
			);
			name = ZJTableView;
			productName = ZJTableView;
			productReference = 96CEBCE91BCE521400A16356 /* ZJTableView.app */;
			productType = "com.apple.product-type.application";
		};
		96CEBD011BCE521500A16356 /* ZJTableViewTests */ = {
			isa = PBXNativeTarget;
			buildConfigurationList = 96CEBD191BCE521500A16356 /* Build configuration list for PBXNativeTarget "ZJTableViewTests" */;
			buildPhases = (
				96CEBCFE1BCE521500A16356 /* Sources */,
				96CEBCFF1BCE521500A16356 /* Frameworks */,
				96CEBD001BCE521500A16356 /* Resources */,
			);
			buildRules = (
			);
			dependencies = (
				96CEBD041BCE521500A16356 /* PBXTargetDependency */,
			);
			name = ZJTableViewTests;
			productName = ZJTableViewTests;
			productReference = 96CEBD021BCE521500A16356 /* ZJTableViewTests.xctest */;
			productType = "com.apple.product-type.bundle.unit-test";
		};
		96CEBD0C1BCE521500A16356 /* ZJTableViewUITests */ = {
			isa = PBXNativeTarget;
			buildConfigurationList = 96CEBD1C1BCE521500A16356 /* Build configuration list for PBXNativeTarget "ZJTableViewUITests" */;
			buildPhases = (
				96CEBD091BCE521500A16356 /* Sources */,
				96CEBD0A1BCE521500A16356 /* Frameworks */,
				96CEBD0B1BCE521500A16356 /* Resources */,
			);
			buildRules = (
			);
			dependencies = (
				96CEBD0F1BCE521500A16356 /* PBXTargetDependency */,
			);
			name = ZJTableViewUITests;
			productName = ZJTableViewUITests;
			productReference = 96CEBD0D1BCE521500A16356 /* ZJTableViewUITests.xctest */;
			productType = "com.apple.product-type.bundle.ui-testing";
		};
/* End PBXNativeTarget section */

/* Begin PBXProject section */
		96CEBCE11BCE521400A16356 /* Project object */ = {
			isa = PBXProject;
			attributes = {
				LastUpgradeCheck = 0700;
				ORGANIZATIONNAME = zjProject;
				TargetAttributes = {
					96CEBCE81BCE521400A16356 = {
						CreatedOnToolsVersion = 7.0.1;
					};
					96CEBD011BCE521500A16356 = {
						CreatedOnToolsVersion = 7.0.1;
						TestTargetID = 96CEBCE81BCE521400A16356;
					};
					96CEBD0C1BCE521500A16356 = {
						CreatedOnToolsVersion = 7.0.1;
						TestTargetID = 96CEBCE81BCE521400A16356;
					};
				};
			};
			buildConfigurationList = 96CEBCE41BCE521400A16356 /* Build configuration list for PBXProject "ZJTableView" */;
			compatibilityVersion = "Xcode 3.2";
			developmentRegion = English;
			hasScannedForEncodings = 0;
			knownRegions = (
				en,
				Base,
			);
			mainGroup = 96CEBCE01BCE521400A16356;
			productRefGroup = 96CEBCEA1BCE521400A16356 /* Products */;
			projectDirPath = "";
			projectRoot = "";
			targets = (
				96CEBCE81BCE521400A16356 /* ZJTableView */,
				96CEBD011BCE521500A16356 /* ZJTableViewTests */,
				96CEBD0C1BCE521500A16356 /* ZJTableViewUITests */,
			);
		};
/* End PBXProject section */

/* Begin PBXResourcesBuildPhase section */
		96CEBCE71BCE521400A16356 /* Resources */ = {
			isa = PBXResourcesBuildPhase;
			buildActionMask = 2147483647;
			files = (
				96CEBCFC1BCE521400A16356 /* LaunchScreen.storyboard in Resources */,
				96CEBCF91BCE521400A16356 /* Assets.xcassets in Resources */,
				96CEBCF71BCE521400A16356 /* Main.storyboard in Resources */,
			);
			runOnlyForDeploymentPostprocessing = 0;
		};
		96CEBD001BCE521500A16356 /* Resources */ = {
			isa = PBXResourcesBuildPhase;
			buildActionMask = 2147483647;
			files = (
			);
			runOnlyForDeploymentPostprocessing = 0;
		};
		96CEBD0B1BCE521500A16356 /* Resources */ = {
			isa = PBXResourcesBuildPhase;
			buildActionMask = 2147483647;
			files = (
			);
			runOnlyForDeploymentPostprocessing = 0;
		};
/* End PBXResourcesBuildPhase section */

/* Begin PBXSourcesBuildPhase section */
		96CEBCE51BCE521400A16356 /* Sources */ = {
			isa = PBXSourcesBuildPhase;
			buildActionMask = 2147483647;
			files = (
				96CEBCF41BCE521400A16356 /* ViewController.m in Sources */,
				96CEBCF11BCE521400A16356 /* AppDelegate.m in Sources */,
				96CEBD241BCE525200A16356 /* ZJTableViewCell.m in Sources */,
				96CEBCEE1BCE521400A16356 /* main.m in Sources */,
				96CEBD231BCE525200A16356 /* ZJTableView.m in Sources */,
			);
			runOnlyForDeploymentPostprocessing = 0;
		};
		96CEBCFE1BCE521500A16356 /* Sources */ = {
			isa = PBXSourcesBuildPhase;
			buildActionMask = 2147483647;
			files = (
				96CEBD071BCE521500A16356 /* ZJTableViewTests.m in Sources */,
			);
			runOnlyForDeploymentPostprocessing = 0;
		};
		96CEBD091BCE521500A16356 /* Sources */ = {
			isa = PBXSourcesBuildPhase;
			buildActionMask = 2147483647;
			files = (
				96CEBD121BCE521500A16356 /* ZJTableViewUITests.m in Sources */,
			);
			runOnlyForDeploymentPostprocessing = 0;
		};
/* End PBXSourcesBuildPhase section */

/* Begin PBXTargetDependency section */
		96CEBD041BCE521500A16356 /* PBXTargetDependency */ = {
			isa = PBXTargetDependency;
			target = 96CEBCE81BCE521400A16356 /* ZJTableView */;
			targetProxy = 96CEBD031BCE521500A16356 /* PBXContainerItemProxy */;
		};
		96CEBD0F1BCE521500A16356 /* PBXTargetDependency */ = {
			isa = PBXTargetDependency;
			target = 96CEBCE81BCE521400A16356 /* ZJTableView */;
			targetProxy = 96CEBD0E1BCE521500A16356 /* PBXContainerItemProxy */;
		};
/* End PBXTargetDependency section */

/* Begin PBXVariantGroup section */
		96CEBCF51BCE521400A16356 /* Main.storyboard */ = {
			isa = PBXVariantGroup;
			children = (
				96CEBCF61BCE521400A16356 /* Base */,
			);
			name = Main.storyboard;
			sourceTree = "<group>";
		};
		96CEBCFA1BCE521400A16356 /* LaunchScreen.storyboard */ = {
			isa = PBXVariantGroup;
			children = (
				96CEBCFB1BCE521400A16356 /* Base */,
			);
			name = LaunchScreen.storyboard;
			sourceTree = "<group>";
		};
/* End PBXVariantGroup section */

/* Begin XCBuildConfiguration section */
		96CEBD141BCE521500A16356 /* Debug */ = {
			isa = XCBuildConfiguration;
			buildSettings = {
				ALWAYS_SEARCH_USER_PATHS = NO;
				CLANG_CXX_LANGUAGE_STANDARD = "gnu++0x";
				CLANG_CXX_LIBRARY = "libc++";
				CLANG_ENABLE_MODULES = YES;
				CLANG_ENABLE_OBJC_ARC = YES;
				CLANG_WARN_BOOL_CONVERSION = YES;
				CLANG_WARN_CONSTANT_CONVERSION = YES;
				CLANG_WARN_DIRECT_OBJC_ISA_USAGE = YES_ERROR;
				CLANG_WARN_EMPTY_BODY = YES;
				CLANG_WARN_ENUM_CONVERSION = YES;
				CLANG_WARN_INT_CONVERSION = YES;
				CLANG_WARN_OBJC_ROOT_CLASS = YES_ERROR;
				CLANG_WARN_UNREACHABLE_CODE = YES;
				CLANG_WARN__DUPLICATE_METHOD_MATCH = YES;
				"CODE_SIGN_IDENTITY[sdk=iphoneos*]" = "iPhone Developer";
				COPY_PHASE_STRIP = NO;
				DEBUG_INFORMATION_FORMAT = dwarf;
				ENABLE_STRICT_OBJC_MSGSEND = YES;
				ENABLE_TESTABILITY = YES;
				GCC_C_LANGUAGE_STANDARD = gnu99;
				GCC_DYNAMIC_NO_PIC = NO;
				GCC_NO_COMMON_BLOCKS = YES;
				GCC_OPTIMIZATION_LEVEL = 0;
				GCC_PREPROCESSOR_DEFINITIONS = (
					"DEBUG=1",
					"$(inherited)",
				);
				GCC_WARN_64_TO_32_BIT_CONVERSION = YES;
				GCC_WARN_ABOUT_RETURN_TYPE = YES_ERROR;
				GCC_WARN_UNDECLARED_SELECTOR = YES;
				GCC_WARN_UNINITIALIZED_AUTOS = YES_AGGRESSIVE;
				GCC_WARN_UNUSED_FUNCTION = YES;
				GCC_WARN_UNUSED_VARIABLE = YES;
				IPHONEOS_DEPLOYMENT_TARGET = 9.0;
				MTL_ENABLE_DEBUG_INFO = YES;
				ONLY_ACTIVE_ARCH = YES;
				SDKROOT = iphoneos;
			};
			name = Debug;
		};
		96CEBD151BCE521500A16356 /* Release */ = {
			isa = XCBuildConfiguration;
			buildSettings = {
				ALWAYS_SEARCH_USER_PATHS = NO;
				CLANG_CXX_LANGUAGE_STANDARD = "gnu++0x";
				CLANG_CXX_LIBRARY = "libc++";
				CLANG_ENABLE_MODULES = YES;
				CLANG_ENABLE_OBJC_ARC = YES;
				CLANG_WARN_BOOL_CONVERSION = YES;
				CLANG_WARN_CONSTANT_CONVERSION = YES;
				CLANG_WARN_DIRECT_OBJC_ISA_USAGE = YES_ERROR;
				CLANG_WARN_EMPTY_BODY = YES;
				CLANG_WARN_ENUM_CONVERSION = YES;
				CLANG_WARN_INT_CONVERSION = YES;
				CLANG_WARN_OBJC_ROOT_CLASS = YES_ERROR;
				CLANG_WARN_UNREACHABLE_CODE = YES;
				CLANG_WARN__DUPLICATE_METHOD_MATCH = YES;
				"CODE_SIGN_IDENTITY[sdk=iphoneos*]" = "iPhone Developer";
				COPY_PHASE_STRIP = NO;
				DEBUG_INFORMATION_FORMAT = "dwarf-with-dsym";
				ENABLE_NS_ASSERTIONS = NO;
				ENABLE_STRICT_OBJC_MSGSEND = YES;
				GCC_C_LANGUAGE_STANDARD = gnu99;
				GCC_NO_COMMON_BLOCKS = YES;
				GCC_WARN_64_TO_32_BIT_CONVERSION = YES;
				GCC_WARN_ABOUT_RETURN_TYPE = YES_ERROR;
				GCC_WARN_UNDECLARED_SELECTOR = YES;
				GCC_WARN_UNINITIALIZED_AUTOS = YES_AGGRESSIVE;
				GCC_WARN_UNUSED_FUNCTION = YES;
				GCC_WARN_UNUSED_VARIABLE = YES;
				IPHONEOS_DEPLOYMENT_TARGET = 9.0;
				MTL_ENABLE_DEBUG_INFO = NO;
				SDKROOT = iphoneos;
				VALIDATE_PRODUCT = YES;
			};
			name = Release;
		};
		96CEBD171BCE521500A16356 /* Debug */ = {
			isa = XCBuildConfiguration;
			buildSettings = {
				ASSETCATALOG_COMPILER_APPICON_NAME = AppIcon;
				INFOPLIST_FILE = ZJTableView/Info.plist;
				LD_RUNPATH_SEARCH_PATHS = "$(inherited) @executable_path/Frameworks";
				PRODUCT_BUNDLE_IDENTIFIER = cn.zjProject.ZJTableView;
				PRODUCT_NAME = "$(TARGET_NAME)";
			};
			name = Debug;
		};
		96CEBD181BCE521500A16356 /* Release */ = {
			isa = XCBuildConfiguration;
			buildSettings = {
				ASSETCATALOG_COMPILER_APPICON_NAME = AppIcon;
				INFOPLIST_FILE = ZJTableView/Info.plist;
				LD_RUNPATH_SEARCH_PATHS = "$(inherited) @executable_path/Frameworks";
				PRODUCT_BUNDLE_IDENTIFIER = cn.zjProject.ZJTableView;
				PRODUCT_NAME = "$(TARGET_NAME)";
			};
			name = Release;
		};
		96CEBD1A1BCE521500A16356 /* Debug */ = {
			isa = XCBuildConfiguration;
			buildSettings = {
				BUNDLE_LOADER = "$(TEST_HOST)";
				INFOPLIST_FILE = ZJTableViewTests/Info.plist;
				LD_RUNPATH_SEARCH_PATHS = "$(inherited) @executable_path/Frameworks @loader_path/Frameworks";
				PRODUCT_BUNDLE_IDENTIFIER = cn.zjProject.ZJTableViewTests;
				PRODUCT_NAME = "$(TARGET_NAME)";
				TEST_HOST = "$(BUILT_PRODUCTS_DIR)/ZJTableView.app/ZJTableView";
			};
			name = Debug;
		};
		96CEBD1B1BCE521500A16356 /* Release */ = {
			isa = XCBuildConfiguration;
			buildSettings = {
				BUNDLE_LOADER = "$(TEST_HOST)";
				INFOPLIST_FILE = ZJTableViewTests/Info.plist;
				LD_RUNPATH_SEARCH_PATHS = "$(inherited) @executable_path/Frameworks @loader_path/Frameworks";
				PRODUCT_BUNDLE_IDENTIFIER = cn.zjProject.ZJTableViewTests;
				PRODUCT_NAME = "$(TARGET_NAME)";
				TEST_HOST = "$(BUILT_PRODUCTS_DIR)/ZJTableView.app/ZJTableView";
			};
			name = Release;
		};
		96CEBD1D1BCE521500A16356 /* Debug */ = {
			isa = XCBuildConfiguration;
			buildSettings = {
				INFOPLIST_FILE = ZJTableViewUITests/Info.plist;
				LD_RUNPATH_SEARCH_PATHS = "$(inherited) @executable_path/Frameworks @loader_path/Frameworks";
				PRODUCT_BUNDLE_IDENTIFIER = cn.zjProject.ZJTableViewUITests;
				PRODUCT_NAME = "$(TARGET_NAME)";
				TEST_TARGET_NAME = ZJTableView;
				USES_XCTRUNNER = YES;
			};
			name = Debug;
		};
		96CEBD1E1BCE521500A16356 /* Release */ = {
			isa = XCBuildConfiguration;
			buildSettings = {
				INFOPLIST_FILE = ZJTableViewUITests/Info.plist;
				LD_RUNPATH_SEARCH_PATHS = "$(inherited) @executable_path/Frameworks @loader_path/Frameworks";
				PRODUCT_BUNDLE_IDENTIFIER = cn.zjProject.ZJTableViewUITests;
				PRODUCT_NAME = "$(TARGET_NAME)";
				TEST_TARGET_NAME = ZJTableView;
				USES_XCTRUNNER = YES;
			};
			name = Release;
		};
/* End XCBuildConfiguration section */

/* Begin XCConfigurationList section */
		96CEBCE41BCE521400A16356 /* Build configuration list for PBXProject "ZJTableView" */ = {
			isa = XCConfigurationList;
			buildConfigurations = (
				96CEBD141BCE521500A16356 /* Debug */,
				96CEBD151BCE521500A16356 /* Release */,
			);
			defaultConfigurationIsVisible = 0;
			defaultConfigurationName = Release;
		};
		96CEBD161BCE521500A16356 /* Build configuration list for PBXNativeTarget "ZJTableView" */ = {
			isa = XCConfigurationList;
			buildConfigurations = (
				96CEBD171BCE521500A16356 /* Debug */,
				96CEBD181BCE521500A16356 /* Release */,
			);
			defaultConfigurationIsVisible = 0;
		};
		96CEBD191BCE521500A16356 /* Build configuration list for PBXNativeTarget "ZJTableViewTests" */ = {
			isa = XCConfigurationList;
			buildConfigurations = (
				96CEBD1A1BCE521500A16356 /* Debug */,
				96CEBD1B1BCE521500A16356 /* Release */,
			);
			defaultConfigurationIsVisible = 0;
		};
		96CEBD1C1BCE521500A16356 /* Build configuration list for PBXNativeTarget "ZJTableViewUITests" */ = {
			isa = XCConfigurationList;
			buildConfigurations = (
				96CEBD1D1BCE521500A16356 /* Debug */,
				96CEBD1E1BCE521500A16356 /* Release */,
			);
			defaultConfigurationIsVisible = 0;
		};
/* End XCConfigurationList section */
	};
	rootObject = 96CEBCE11BCE521400A16356 /* Project object */;
}
